
Microsoft Visual Studio Solution File, Format Version 12.00
# Visual Studio Version 17
VisualStudioVersion = 17.10.35122.118
MinimumVisualStudioVersion = 10.0.40219.1
Project("{9A19103F-16F7-4668-BE54-9A1E7A4F7556}") = "PiscadaMtx", "PiscadaMtx.csproj", "{4832A356-1F2A-41B6-8184-2494E4F87627}"
EndProject
Global
	GlobalSection(SolutionConfigurationPlatforms) = preSolution
		Debug|Any CPU = Debug|Any CPU
		Release|Any CPU = Release|Any CPU
	EndGlobalSection
	GlobalSection(ProjectConfigurationPlatforms) = postSolution
		{4832A356-1F2A-41B6-8184-2494E4F87627}.Debug|Any CPU.ActiveCfg = Debug|Any CPU
		{4832A356-1F2A-41B6-8184-2494E4F87627}.Debug|Any CPU.Build.0 = Debug|Any CPU
		{4832A356-1F2A-41B6-8184-2494E4F87627}.Release|Any CPU.ActiveCfg = Release|Any CPU
		{4832A356-1F2A-41B6-8184-2494E4F87627}.Release|Any CPU.Build.0 = Release|Any CPU
	EndGlobalSection
	GlobalSection(SolutionProperties) = preSolution
		HideSolutionNode = FALSE
	EndGlobalSection
	GlobalSection(ExtensibilityGlobals) = postSolution
		SolutionGuid = {8E38F1CB-D712-451B-A5D7-85004DC22D50}
	EndGlobalSection
EndGlobal
